Microsoft Visual Studio Solution File, Format Version 12.00
# Visual Studio 15
VisualStudioVersion = 15.0.26430.13
MinimumVisualStudioVersion = 10.0.40219.1
Project("{FAE04EC0-301F-11D3-BF4B-00C04F79EFBC}") = "SharpRaven", "app\SharpRaven\SharpRaven.csproj", "{CC80A2E1-AE39-44DE-8DA3-4EEF42F90FB1}"
EndProject
Project("{2150E333-8FDC-42A3-9474-1A3956D46DE8}") = "app", "app", "{88CB5CD6-ACFA-441E-9FBB-E1E06F181B89}"
EndProject
Project("{2150E333-8FDC-42A3-9474-1A3956D46DE8}") = "Solution Items", "Solution Items", "{BF6154D1-9BC4-4966-9506-BC33E81F317C}"
	ProjectSection(SolutionItems) = preProject
		..\.gitattributes = ..\.gitattributes
		..\.gitignore = ..\.gitignore
		..\.gitmodules = ..\.gitmodules
		..\.travis.yml = ..\.travis.yml
		Build.cmd = Build.cmd
		..\GitVersionConfig.yaml = ..\GitVersionConfig.yaml
		..\LICENSE = ..\LICENSE
		..\Makefile = ..\Makefile
		..\README.md = ..\README.md
		SharpRaven.build = SharpRaven.build
		SharpRaven.sln.DotSettings = SharpRaven.sln.DotSettings
	EndProjectSection
EndProject
Project("{2150E333-8FDC-42A3-9474-1A3956D46DE8}") = ".nuget", ".nuget", "{D18000EF-446C-4756-87BD-632E3B71BD45}"
	ProjectSection(SolutionItems) = preProject
		.nuget\packages.config = .nuget\packages.config
	EndProjectSection
EndProject
Project("{2150E333-8FDC-42A3-9474-1A3956D46DE8}") = "docs", "docs", "{F44F1C47-DCF1-472A-A2D1-7F132AA54339}"
	ProjectSection(SolutionItems) = preProject
		..\docs\conf.py = ..\docs\conf.py
		..\docs\index.rst = ..\docs\index.rst
		..\docs\make.bat = ..\docs\make.bat
		..\docs\Makefile = ..\docs\Makefile
		..\docs\sentry-doc-config.json = ..\docs\sentry-doc-config.json
	EndProjectSection
EndProject
Global
	GlobalSection(SolutionConfigurationPlatforms) = preSolution
		Debug 3.5|Any CPU = Debug 3.5|Any CPU
		Debug 3.5|Mixed Platforms = Debug 3.5|Mixed Platforms
		Debug 3.5|x86 = Debug 3.5|x86
		Debug 4.0|Any CPU = Debug 4.0|Any CPU
		Debug 4.0|Mixed Platforms = Debug 4.0|Mixed Platforms
		Debug 4.0|x86 = Debug 4.0|x86
		Debug 4.5|Any CPU = Debug 4.5|Any CPU
		Debug 4.5|Mixed Platforms = Debug 4.5|Mixed Platforms
		Debug 4.5|x86 = Debug 4.5|x86
		Release 3.5|Any CPU = Release 3.5|Any CPU
		Release 3.5|Mixed Platforms = Release 3.5|Mixed Platforms
		Release 3.5|x86 = Release 3.5|x86
		Release 4.0|Any CPU = Release 4.0|Any CPU
		Release 4.0|Mixed Platforms = Release 4.0|Mixed Platforms
		Release 4.0|x86 = Release 4.0|x86
		Release 4.5|Any CPU = Release 4.5|Any CPU
		Release 4.5|Mixed Platforms = Release 4.5|Mixed Platforms
		Release 4.5|x86 = Release 4.5|x86
		Release 4.6|Any CPU = Release 4.6|Any CPU
		Release 4.6|Mixed Platforms = Release 4.6|Mixed Platforms
		Release 4.6|x86 = Release 4.6|x86
	EndGlobalSection
	GlobalSection(ProjectConfigurationPlatforms) = postSolution
		{CC80A2E1-AE39-44DE-8DA3-4EEF42F90FB1}.Debug 3.5|Any CPU.ActiveCfg = Debug 3.5|Any CPU
		{CC80A2E1-AE39-44DE-8DA3-4EEF42F90FB1}.Debug 3.5|Any CPU.Build.0 = Debug 3.5|Any CPU
		{CC80A2E1-AE39-44DE-8DA3-4EEF42F90FB1}.Debug 3.5|Mixed Platforms.ActiveCfg = Debug 3.5|Any CPU
		{CC80A2E1-AE39-44DE-8DA3-4EEF42F90FB1}.Debug 3.5|Mixed Platforms.Build.0 = Debug 3.5|Any CPU
		{CC80A2E1-AE39-44DE-8DA3-4EEF42F90FB1}.Debug 3.5|x86.ActiveCfg = Debug 3.5|Any CPU
		{CC80A2E1-AE39-44DE-8DA3-4EEF42F90FB1}.Debug 4.0|Any CPU.ActiveCfg = Debug 4.0|Any CPU
		{CC80A2E1-AE39-44DE-8DA3-4EEF42F90FB1}.Debug 4.0|Any CPU.Build.0 = Debug 4.0|Any CPU
		{CC80A2E1-AE39-44DE-8DA3-4EEF42F90FB1}.Debug 4.0|Mixed Platforms.ActiveCfg = Debug 4.0|Any CPU
		{CC80A2E1-AE39-44DE-8DA3-4EEF42F90FB1}.Debug 4.0|Mixed Platforms.Build.0 = Debug 4.0|Any CPU
		{CC80A2E1-AE39-44DE-8DA3-4EEF42F90FB1}.Debug 4.0|x86.ActiveCfg = Debug 4.0|Any CPU
		{CC80A2E1-AE39-44DE-8DA3-4EEF42F90FB1}.Debug 4.5|Any CPU.ActiveCfg = Debug 4.5|Any CPU
		{CC80A2E1-AE39-44DE-8DA3-4EEF42F90FB1}.Debug 4.5|Any CPU.Build.0 = Debug 4.5|Any CPU
		{CC80A2E1-AE39-44DE-8DA3-4EEF42F90FB1}.Debug 4.5|Mixed Platforms.ActiveCfg = Debug 4.5|Any CPU
		{CC80A2E1-AE39-44DE-8DA3-4EEF42F90FB1}.Debug 4.5|Mixed Platforms.Build.0 = Debug 4.5|Any CPU
		{CC80A2E1-AE39-44DE-8DA3-4EEF42F90FB1}.Debug 4.5|x86.ActiveCfg = Debug 4.5|Any CPU
		{CC80A2E1-AE39-44DE-8DA3-4EEF42F90FB1}.Release 3.5|Any CPU.ActiveCfg = Release 3.5|Any CPU
		{CC80A2E1-AE39-44DE-8DA3-4EEF42F90FB1}.Release 3.5|Any CPU.Build.0 = Release 3.5|Any CPU
		{CC80A2E1-AE39-44DE-8DA3-4EEF42F90FB1}.Release 3.5|Mixed Platforms.ActiveCfg = Release 3.5|Any CPU
		{CC80A2E1-AE39-44DE-8DA3-4EEF42F90FB1}.Release 3.5|Mixed Platforms.Build.0 = Release 3.5|Any CPU
		{CC80A2E1-AE39-44DE-8DA3-4EEF42F90FB1}.Release 3.5|x86.ActiveCfg = Release 3.5|Any CPU
		{CC80A2E1-AE39-44DE-8DA3-4EEF42F90FB1}.Release 4.0|Any CPU.ActiveCfg = Release 4.0|Any CPU
		{CC80A2E1-AE39-44DE-8DA3-4EEF42F90FB1}.Release 4.0|Any CPU.Build.0 = Release 4.0|Any CPU
		{CC80A2E1-AE39-44DE-8DA3-4EEF42F90FB1}.Release 4.0|Mixed Platforms.ActiveCfg = Release 4.0|Any CPU
		{CC80A2E1-AE39-44DE-8DA3-4EEF42F90FB1}.Release 4.0|Mixed Platforms.Build.0 = Release 4.0|Any CPU
		{CC80A2E1-AE39-44DE-8DA3-4EEF42F90FB1}.Release 4.0|x86.ActiveCfg = Release 4.0|Any CPU
		{CC80A2E1-AE39-44DE-8DA3-4EEF42F90FB1}.Release 4.5|Any CPU.ActiveCfg = Release 4.5|Any CPU
		{CC80A2E1-AE39-44DE-8DA3-4EEF42F90FB1}.Release 4.5|Any CPU.Build.0 = Release 4.5|Any CPU
		{CC80A2E1-AE39-44DE-8DA3-4EEF42F90FB1}.Release 4.5|Mixed Platforms.ActiveCfg = Release 4.5|Any CPU
		{CC80A2E1-AE39-44DE-8DA3-4EEF42F90FB1}.Release 4.5|Mixed Platforms.Build.0 = Release 4.5|Any CPU
		{CC80A2E1-AE39-44DE-8DA3-4EEF42F90FB1}.Release 4.5|x86.ActiveCfg = Release 4.5|Any CPU
		{CC80A2E1-AE39-44DE-8DA3-4EEF42F90FB1}.Release 4.6|Any CPU.ActiveCfg = Release 4.6|Any CPU
		{CC80A2E1-AE39-44DE-8DA3-4EEF42F90FB1}.Release 4.6|Any CPU.Build.0 = Release 4.6|Any CPU
		{CC80A2E1-AE39-44DE-8DA3-4EEF42F90FB1}.Release 4.6|Mixed Platforms.ActiveCfg = Release 4.6|Any CPU
		{CC80A2E1-AE39-44DE-8DA3-4EEF42F90FB1}.Release 4.6|Mixed Platforms.Build.0 = Release 4.6|Any CPU
		{CC80A2E1-AE39-44DE-8DA3-4EEF42F90FB1}.Release 4.6|x86.ActiveCfg = Release 4.6|x86
		{CC80A2E1-AE39-44DE-8DA3-4EEF42F90FB1}.Release 4.6|x86.Build.0 = Release 4.6|x86
	EndGlobalSection
	GlobalSection(SolutionProperties) = preSolution
		HideSolutionNode = FALSE
	EndGlobalSection
	GlobalSection(NestedProjects) = preSolution
		{CC80A2E1-AE39-44DE-8DA3-4EEF42F90FB1} = {88CB5CD6-ACFA-441E-9FBB-E1E06F181B89}
		{F44F1C47-DCF1-472A-A2D1-7F132AA54339} = {BF6154D1-9BC4-4966-9506-BC33E81F317C}
	EndGlobalSection
EndGlobal
